PODS:
  - Alamofire (5.0.0-rc.3)
  - AsyncSwift (2.0.4)
  - DynamicBlurView (4.0.0)
  - Kanna (5.0.0)
  - Koloda (4.7):
    - pop (~> 1.0)
  - PickerView (0.4.0)
  - pop (1.0.12)
  - PopupDialog (1.1.1):
    - DynamicBlurView (~> 4.0)
  - ReachabilitySwift (5.0.0)
  - RevealingSplashView (0.6.0)
  - SwiftyJSON (5.0.0)

DEPENDENCIES:
  - Alamofire (~> 5.0.0-rc.3)
  - AsyncSwift
  - Kanna (~> 5.0.0)
  - Koloda
  - PickerView
  - PopupDialog
  - ReachabilitySwift
  - RevealingSplashView
  - SwiftyJSON

SPEC REPOS:
  trunk:
    - Alamofire
    - AsyncSwift
    - DynamicBlurView
    - Kanna
    - Koloda
    - PickerView
    - pop
    - PopupDialog
    - ReachabilitySwift
    - RevealingSplashView
    - SwiftyJSON

SPEC CHECKSUMS:
  Alamofire: ca8c0de6906873be89d6deec5c8de279e00bf872
  AsyncSwift: 65775a7b32e740609b24969ece3de58723b9dc3e
  DynamicBlurView: ccf9acd2b20c883cc2c72e3524a04d8d3ee20533
  Kanna: a32875df62975f8f4b871e933b4ea1a5c3b8be0f
  Koloda: f456d003d2ce15ef9f10c2874a444f1f570b490c
  PickerView: a736ea986d992aa3ef32423f475fdf3f3a0cf7d4
  pop: d582054913807fd11fd50bfe6a539d91c7e1a55a
  PopupDialog: 720c92befd8bc23c13442254945213db5612f149
  ReachabilitySwift: 985039c6f7b23a1da463388634119492ff86c825
  RevealingSplashView: 40c5a770894459736acdc95655eeba0dd30ce91c
  SwiftyJSON: 36413e04c44ee145039d332b4f4e2d3e8d6c4db7

PODFILE CHECKSUM: 2c28d5f0c26b9054f7a6d6cff1cab1d669f4d0bc

COCOAPODS: 1.8.4
