// !$*UTF8*$!
{
	archiveVersion = 1;
	classes = {
	};
	objectVersion = 46;
	objects = {

/* Begin PBXBuildFile section */
		6156196C1E47AD9E007E5F27 /* Model.xcdatamodeld in Sources */ = {isa = PBXBuildFile; fileRef = 6156196A1E47AD9E007E5F27 /* Model.xcdatamodeld */; };
		6156198F1E47C618007E5F27 /* TableViewController.swift in Sources */ = {isa = PBXBuildFile; fileRef = 6156198E1E47C618007E5F27 /* TableViewController.swift */; };
		615619911E481829007E5F27 /* CoreDataManager.swift in Sources */ = {isa = PBXBuildFile; fileRef = 615619901E481829007E5F27 /* CoreDataManager.swift */; };
		6166C99B1E14CF8E00BF5A54 /* AppDelegate.swift in Sources */ = {isa = PBXBuildFile; fileRef = 6166C99A1E14CF8E00BF5A54 /* AppDelegate.swift */; };
		6166C99D1E14CF8E00BF5A54 /* ViewController.swift in Sources */ = {isa = PBXBuildFile; fileRef = 6166C99C1E14CF8E00BF5A54 /* ViewController.swift */; };
		6166C9A01E14CF8E00BF5A54 /* Main.storyboard in Resources */ = {isa = PBXBuildFile; fileRef = 6166C99E1E14CF8E00BF5A54 /* Main.storyboard */; };
		6166C9A51E14CF8E00BF5A54 /* LaunchScreen.storyboard in Resources */ = {isa = PBXBuildFile; fileRef = 6166C9A31E14CF8E00BF5A54 /* LaunchScreen.storyboard */; };
		617426211E1E0F0B009BFC75 /* Assets.xcassets in Resources */ = {isa = PBXBuildFile; fileRef = 617426201E1E0F0B009BFC75 /* Assets.xcassets */; };
		6174D2E11E42E225006C292E /* SwipeOverlayView.xib in Resources */ = {isa = PBXBuildFile; fileRef = 6174D2E01E42E225006C292E /* SwipeOverlayView.xib */; };
		6174D2E31E42E235006C292E /* SwipeOverlayView.swift in Sources */ = {isa = PBXBuildFile; fileRef = 6174D2E21E42E235006C292E /* SwipeOverlayView.swift */; };
		619BE2C01E3D1B400085023B /* Network.swift in Sources */ = {isa = PBXBuildFile; fileRef = 619BE2BF1E3D1B400085023B /* Network.swift */; };
		619BE2C51E3D3F610085023B /* JSONParser.swift in Sources */ = {isa = PBXBuildFile; fileRef = 619BE2C41E3D3F610085023B /* JSONParser.swift */; };
		61CA8FF71E1DF097005B389D /* CardView.swift in Sources */ = {isa = PBXBuildFile; fileRef = 61CA8FF61E1DF097005B389D /* CardView.swift */; };
		61CA90011E1DF868005B389D /* CardView.xib in Resources */ = {isa = PBXBuildFile; fileRef = 61CA90001E1DF868005B389D /* CardView.xib */; };
		61F7FF0F1E175D10004E14FA /* Story.swift in Sources */ = {isa = PBXBuildFile; fileRef = 61F7FF0E1E175D10004E14FA /* Story.swift */; };
		61F7FF111E175D40004E14FA /* StoryRepo.swift in Sources */ = {isa = PBXBuildFile; fileRef = 61F7FF101E175D40004E14FA /* StoryRepo.swift */; };
		A3D96D1E12504BB12A5C4A46 /* Pods_StoryApp.framework in Frameworks */ = {isa = PBXBuildFile; fileRef = 29F41655618E1D6824B53921 /* Pods_StoryApp.framework */; };
/* End PBXBuildFile section */

/* Begin PBXFileReference section */
		29F41655618E1D6824B53921 /* Pods_StoryApp.framework */ = {isa = PBXFileReference; explicitFileType = wrapper.framework; includeInIndex = 0; path = Pods_StoryApp.framework; sourceTree = BUILT_PRODUCTS_DIR; };
		6156196B1E47AD9E007E5F27 /* Model.xcdatamodel */ = {isa = PBXFileReference; lastKnownFileType = wrapper.xcdatamodel; path = Model.xcdatamodel; sourceTree = "<group>"; };
		6156198E1E47C618007E5F27 /* TableViewController.swift */ = {isa = PBXFileReference; fileEncoding = 4; lastKnownFileType = sourcecode.swift; path = TableViewController.swift; sourceTree = "<group>"; };
		615619901E481829007E5F27 /* CoreDataManager.swift */ = {isa = PBXFileReference; fileEncoding = 4; lastKnownFileType = sourcecode.swift; path = CoreDataManager.swift; sourceTree = "<group>"; };
		6166C9971E14CF8E00BF5A54 /* StoryApp.app */ = {isa = PBXFileReference; explicitFileType = wrapper.application; includeInIndex = 0; path = StoryApp.app; sourceTree = BUILT_PRODUCTS_DIR; };
		6166C99A1E14CF8E00BF5A54 /* AppDelegate.swift */ = {isa = PBXFileReference; lastKnownFileType = sourcecode.swift; path = AppDelegate.swift; sourceTree = "<group>"; };
		6166C99C1E14CF8E00BF5A54 /* ViewController.swift */ = {isa = PBXFileReference; lastKnownFileType = sourcecode.swift; path = ViewController.swift; sourceTree = "<group>"; };
		6166C99F1E14CF8E00BF5A54 /* Base */ = {isa = PBXFileReference; lastKnownFileType = file.storyboard; name = Base; path = Base.lproj/Main.storyboard; sourceTree = "<group>"; };
		6166C9A41E14CF8E00BF5A54 /* Base */ = {isa = PBXFileReference; lastKnownFileType = file.storyboard; name = Base; path = Base.lproj/LaunchScreen.storyboard; sourceTree = "<group>"; };
		6166C9A61E14CF8E00BF5A54 /* Info.plist */ = {isa = PBXFileReference; lastKnownFileType = text.plist.xml; path = Info.plist; sourceTree = "<group>"; };
		617426201E1E0F0B009BFC75 /* Assets.xcassets */ = {isa = PBXFileReference; lastKnownFileType = folder.assetcatalog; path = Assets.xcassets; sourceTree = "<group>"; };
		6174D2E01E42E225006C292E /* SwipeOverlayView.xib */ = {isa = PBXFileReference; fileEncoding = 4; lastKnownFileType = file.xib; path = SwipeOverlayView.xib; sourceTree = "<group>"; };
		6174D2E21E42E235006C292E /* SwipeOverlayView.swift */ = {isa = PBXFileReference; fileEncoding = 4; lastKnownFileType = sourcecode.swift; path = SwipeOverlayView.swift; sourceTree = "<group>"; };
		619BE2BF1E3D1B400085023B /* Network.swift */ = {isa = PBXFileReference; fileEncoding = 4; lastKnownFileType = sourcecode.swift; path = Network.swift; sourceTree = "<group>"; };
		619BE2C41E3D3F610085023B /* JSONParser.swift */ = {isa = PBXFileReference; fileEncoding = 4; lastKnownFileType = sourcecode.swift; path = JSONParser.swift; sourceTree = "<group>"; };
		61CA8FF61E1DF097005B389D /* CardView.swift */ = {isa = PBXFileReference; fileEncoding = 4; lastKnownFileType = sourcecode.swift; path = CardView.swift; sourceTree = "<group>"; };
		61CA90001E1DF868005B389D /* CardView.xib */ = {isa = PBXFileReference; fileEncoding = 4; lastKnownFileType = file.xib; path = CardView.xib; sourceTree = "<group>"; };
		61F7FF0E1E175D10004E14FA /* Story.swift */ = {isa = PBXFileReference; fileEncoding = 4; lastKnownFileType = sourcecode.swift; path = Story.swift; sourceTree = "<group>"; };
		61F7FF101E175D40004E14FA /* StoryRepo.swift */ = {isa = PBXFileReference; fileEncoding = 4; lastKnownFileType = sourcecode.swift; path = StoryRepo.swift; sourceTree = "<group>"; };
		8D522043645C048F26E39921 /* Pods-StoryApp.release.xcconfig */ = {isa = PBXFileReference; includeInIndex = 1; lastKnownFileType = text.xcconfig; name = "Pods-StoryApp.release.xcconfig"; path = "Pods/Target Support Files/Pods-StoryApp/Pods-StoryApp.release.xcconfig"; sourceTree = "<group>"; };
		E01F6AB6A9000F6D2C3EACB8 /* Pods-StoryApp.debug.xcconfig */ = {isa = PBXFileReference; includeInIndex = 1; lastKnownFileType = text.xcconfig; name = "Pods-StoryApp.debug.xcconfig"; path = "Pods/Target Support Files/Pods-StoryApp/Pods-StoryApp.debug.xcconfig"; sourceTree = "<group>"; };
/* End PBXFileReference section */

/* Begin PBXFrameworksBuildPhase section */
		6166C9941E14CF8E00BF5A54 /* Frameworks */ = {
			isa = PBXFrameworksBuildPhase;
			buildActionMask = 2147483647;
			files = (
				A3D96D1E12504BB12A5C4A46 /* Pods_StoryApp.framework in Frameworks */,
			);
			runOnlyForDeploymentPostprocessing = 0;
		};
/* End PBXFrameworksBuildPhase section */

/* Begin PBXGroup section */
		6166C98E1E14CF8E00BF5A54 = {
			isa = PBXGroup;
			children = (
				6166C9991E14CF8E00BF5A54 /* StoryApp */,
				6166C9981E14CF8E00BF5A54 /* Products */,
				8B0E8B3A5E66E123F020E7BD /* Pods */,
				FA239E89C36FE7BBF9329F1E /* Frameworks */,
			);
			sourceTree = "<group>";
		};
		6166C9981E14CF8E00BF5A54 /* Products */ = {
			isa = PBXGroup;
			children = (
				6166C9971E14CF8E00BF5A54 /* StoryApp.app */,
			);
			name = Products;
			sourceTree = "<group>";
		};
		6166C9991E14CF8E00BF5A54 /* StoryApp */ = {
			isa = PBXGroup;
			children = (
				6166C99A1E14CF8E00BF5A54 /* AppDelegate.swift */,
				619BE2C11E3D1B530085023B /* Model */,
				619BE2C31E3D1B980085023B /* Controller */,
				619BE2C21E3D1B650085023B /* View */,
				617426201E1E0F0B009BFC75 /* Assets.xcassets */,
				6166C9A61E14CF8E00BF5A54 /* Info.plist */,
			);
			path = StoryApp;
			sourceTree = "<group>";
		};
		619BE2C11E3D1B530085023B /* Model */ = {
			isa = PBXGroup;
			children = (
				61F7FF0E1E175D10004E14FA /* Story.swift */,
				61F7FF101E175D40004E14FA /* StoryRepo.swift */,
				619BE2C41E3D3F610085023B /* JSONParser.swift */,
				619BE2BF1E3D1B400085023B /* Network.swift */,
				6156196A1E47AD9E007E5F27 /* Model.xcdatamodeld */,
			);
			name = Model;
			sourceTree = "<group>";
		};
		619BE2C21E3D1B650085023B /* View */ = {
			isa = PBXGroup;
			children = (
				6166C99E1E14CF8E00BF5A54 /* Main.storyboard */,
				6166C9A31E14CF8E00BF5A54 /* LaunchScreen.storyboard */,
				61CA8FF61E1DF097005B389D /* CardView.swift */,
				61CA90001E1DF868005B389D /* CardView.xib */,
				6174D2E01E42E225006C292E /* SwipeOverlayView.xib */,
				6174D2E21E42E235006C292E /* SwipeOverlayView.swift */,
			);
			name = View;
			sourceTree = "<group>";
		};
		619BE2C31E3D1B980085023B /* Controller */ = {
			isa = PBXGroup;
			children = (
				615619901E481829007E5F27 /* CoreDataManager.swift */,
				6166C99C1E14CF8E00BF5A54 /* ViewController.swift */,
				6156198E1E47C618007E5F27 /* TableViewController.swift */,
			);
			name = Controller;
			sourceTree = "<group>";
		};
		8B0E8B3A5E66E123F020E7BD /* Pods */ = {
			isa = PBXGroup;
			children = (
				E01F6AB6A9000F6D2C3EACB8 /* Pods-StoryApp.debug.xcconfig */,
				8D522043645C048F26E39921 /* Pods-StoryApp.release.xcconfig */,
			);
			name = Pods;
			sourceTree = "<group>";
		};
		FA239E89C36FE7BBF9329F1E /* Frameworks */ = {
			isa = PBXGroup;
			children = (
				29F41655618E1D6824B53921 /* Pods_StoryApp.framework */,
			);
			name = Frameworks;
			sourceTree = "<group>";
		};
/* End PBXGroup section */

/* Begin PBXNativeTarget section */
		6166C9961E14CF8E00BF5A54 /* StoryApp */ = {
			isa = PBXNativeTarget;
			buildConfigurationList = 6166C9A91E14CF8E00BF5A54 /* Build configuration list for PBXNativeTarget "StoryApp" */;
			buildPhases = (
				B056C375823E012183A2B3AB /* [CP] Check Pods Manifest.lock */,
				6166C9931E14CF8E00BF5A54 /* Sources */,
				6166C9941E14CF8E00BF5A54 /* Frameworks */,
				6166C9951E14CF8E00BF5A54 /* Resources */,
				EBF75CB86F95515ECAF2BBBE /* [CP] Embed Pods Frameworks */,
				199E1C325FED364F0504D35D /* [CP] Copy Pods Resources */,
			);
			buildRules = (
			);
			dependencies = (
			);
			name = StoryApp;
			productName = StoryApp;
			productReference = 6166C9971E14CF8E00BF5A54 /* StoryApp.app */;
			productType = "com.apple.product-type.application";
		};
/* End PBXNativeTarget section */

/* Begin PBXProject section */
		6166C98F1E14CF8E00BF5A54 /* Project object */ = {
			isa = PBXProject;
			attributes = {
				LastSwiftUpdateCheck = 0820;
				LastUpgradeCheck = 0820;
				ORGANIZATIONNAME = usharif;
				TargetAttributes = {
					6166C9961E14CF8E00BF5A54 = {
						CreatedOnToolsVersion = 8.2.1;
						DevelopmentTeam = JXTYT79G8A;
						ProvisioningStyle = Automatic;
					};
				};
			};
			buildConfigurationList = 6166C9921E14CF8E00BF5A54 /* Build configuration list for PBXProject "StoryApp" */;
			compatibilityVersion = "Xcode 3.2";
			developmentRegion = English;
			hasScannedForEncodings = 0;
			knownRegions = (
				en,
				Base,
			);
			mainGroup = 6166C98E1E14CF8E00BF5A54;
			productRefGroup = 6166C9981E14CF8E00BF5A54 /* Products */;
			projectDirPath = "";
			projectRoot = "";
			targets = (
				6166C9961E14CF8E00BF5A54 /* StoryApp */,
			);
		};
/* End PBXProject section */

/* Begin PBXResourcesBuildPhase section */
		6166C9951E14CF8E00BF5A54 /* Resources */ = {
			isa = PBXResourcesBuildPhase;
			buildActionMask = 2147483647;
			files = (
				6166C9A51E14CF8E00BF5A54 /* LaunchScreen.storyboard in Resources */,
				6174D2E11E42E225006C292E /* SwipeOverlayView.xib in Resources */,
				61CA90011E1DF868005B389D /* CardView.xib in Resources */,
				617426211E1E0F0B009BFC75 /* Assets.xcassets in Resources */,
				6166C9A01E14CF8E00BF5A54 /* Main.storyboard in Resources */,
			);
			runOnlyForDeploymentPostprocessing = 0;
		};
/* End PBXResourcesBuildPhase section */

/* Begin PBXShellScriptBuildPhase section */
		199E1C325FED364F0504D35D /* [CP] Copy Pods Resources */ = {
			isa = PBXShellScriptBuildPhase;
			buildActionMask = 2147483647;
			files = (
			);
			inputPaths = (
			);
			name = "[CP] Copy Pods Resources";
			outputPaths = (
			);
			runOnlyForDeploymentPostprocessing = 0;
			shellPath = /bin/sh;
			shellScript = "\"${SRCROOT}/Pods/Target Support Files/Pods-StoryApp/Pods-StoryApp-resources.sh\"\n";
			showEnvVarsInLog = 0;
		};
		B056C375823E012183A2B3AB /* [CP] Check Pods Manifest.lock */ = {
			isa = PBXShellScriptBuildPhase;
			buildActionMask = 2147483647;
			files = (
			);
			inputPaths = (
			);
			name = "[CP] Check Pods Manifest.lock";
			outputPaths = (
			);
			runOnlyForDeploymentPostprocessing = 0;
			shellPath = /bin/sh;
			shellScript = "diff \"${PODS_ROOT}/../Podfile.lock\" \"${PODS_ROOT}/Manifest.lock\" > /dev/null\nif [ $? != 0 ] ; then\n    # print error to STDERR\n    echo \"error: The sandbox is not in sync with the Podfile.lock. Run 'pod install' or update your CocoaPods installation.\" >&2\n    exit 1\nfi\n";
			showEnvVarsInLog = 0;
		};
		EBF75CB86F95515ECAF2BBBE /* [CP] Embed Pods Frameworks */ = {
			isa = PBXShellScriptBuildPhase;
			buildActionMask = 2147483647;
			files = (
			);
			inputPaths = (
			);
			name = "[CP] Embed Pods Frameworks";
			outputPaths = (
			);
			runOnlyForDeploymentPostprocessing = 0;
			shellPath = /bin/sh;
			shellScript = "\"${SRCROOT}/Pods/Target Support Files/Pods-StoryApp/Pods-StoryApp-frameworks.sh\"\n";
			showEnvVarsInLog = 0;
		};
/* End PBXShellScriptBuildPhase section */

/* Begin PBXSourcesBuildPhase section */
		6166C9931E14CF8E00BF5A54 /* Sources */ = {
			isa = PBXSourcesBuildPhase;
			buildActionMask = 2147483647;
			files = (
				6166C99D1E14CF8E00BF5A54 /* ViewController.swift in Sources */,
				61F7FF111E175D40004E14FA /* StoryRepo.swift in Sources */,
				619BE2C51E3D3F610085023B /* JSONParser.swift in Sources */,
				619BE2C01E3D1B400085023B /* Network.swift in Sources */,
				6166C99B1E14CF8E00BF5A54 /* AppDelegate.swift in Sources */,
				6174D2E31E42E235006C292E /* SwipeOverlayView.swift in Sources */,
				615619911E481829007E5F27 /* CoreDataManager.swift in Sources */,
				6156198F1E47C618007E5F27 /* TableViewController.swift in Sources */,
				61CA8FF71E1DF097005B389D /* CardView.swift in Sources */,
				6156196C1E47AD9E007E5F27 /* Model.xcdatamodeld in Sources */,
				61F7FF0F1E175D10004E14FA /* Story.swift in Sources */,
			);
			runOnlyForDeploymentPostprocessing = 0;
		};
/* End PBXSourcesBuildPhase section */

/* Begin PBXVariantGroup section */
		6166C99E1E14CF8E00BF5A54 /* Main.storyboard */ = {
			isa = PBXVariantGroup;
			children = (
				6166C99F1E14CF8E00BF5A54 /* Base */,
			);
			name = Main.storyboard;
			sourceTree = "<group>";
		};
		6166C9A31E14CF8E00BF5A54 /* LaunchScreen.storyboard */ = {
			isa = PBXVariantGroup;
			children = (
				6166C9A41E14CF8E00BF5A54 /* Base */,
			);
			name = LaunchScreen.storyboard;
			sourceTree = "<group>";
		};
/* End PBXVariantGroup section */

/* Begin XCBuildConfiguration section */
		6166C9A71E14CF8E00BF5A54 /* Debug */ = {
			isa = XCBuildConfiguration;
			buildSettings = {
				ALWAYS_SEARCH_USER_PATHS = NO;
				CLANG_ANALYZER_NONNULL = YES;
				CLANG_CXX_LANGUAGE_STANDARD = "gnu++0x";
				CLANG_CXX_LIBRARY = "libc++";
				CLANG_ENABLE_MODULES = YES;
				CLANG_ENABLE_OBJC_ARC = YES;
				CLANG_WARN_BOOL_CONVERSION = YES;
				CLANG_WARN_CONSTANT_CONVERSION = YES;
				CLANG_WARN_DIRECT_OBJC_ISA_USAGE = YES_ERROR;
				CLANG_WARN_DOCUMENTATION_COMMENTS = YES;
				CLANG_WARN_EMPTY_BODY = YES;
				CLANG_WARN_ENUM_CONVERSION = YES;
				CLANG_WARN_INFINITE_RECURSION = YES;
				CLANG_WARN_INT_CONVERSION = YES;
				CLANG_WARN_OBJC_ROOT_CLASS = YES_ERROR;
				CLANG_WARN_SUSPICIOUS_MOVE = YES;
				CLANG_WARN_UNREACHABLE_CODE = YES;
				CLANG_WARN__DUPLICATE_METHOD_MATCH = YES;
				"CODE_SIGN_IDENTITY[sdk=iphoneos*]" = "iPhone Developer";
				COPY_PHASE_STRIP = NO;
				DEBUG_INFORMATION_FORMAT = dwarf;
				ENABLE_STRICT_OBJC_MSGSEND = YES;
				ENABLE_TESTABILITY = YES;
				GCC_C_LANGUAGE_STANDARD = gnu99;
				GCC_DYNAMIC_NO_PIC = NO;
				GCC_NO_COMMON_BLOCKS = YES;
				GCC_OPTIMIZATION_LEVEL = 0;
				GCC_PREPROCESSOR_DEFINITIONS = (
					"DEBUG=1",
					"$(inherited)",
				);
				GCC_WARN_64_TO_32_BIT_CONVERSION = YES;
				GCC_WARN_ABOUT_RETURN_TYPE = YES_ERROR;
				GCC_WARN_UNDECLARED_SELECTOR = YES;
				GCC_WARN_UNINITIALIZED_AUTOS = YES_AGGRESSIVE;
				GCC_WARN_UNUSED_FUNCTION = YES;
				GCC_WARN_UNUSED_VARIABLE = YES;
				IPHONEOS_DEPLOYMENT_TARGET = 10.2;
				MTL_ENABLE_DEBUG_INFO = YES;
				ONLY_ACTIVE_ARCH = YES;
				SDKROOT = iphoneos;
				SWIFT_ACTIVE_COMPILATION_CONDITIONS = DEBUG;
				SWIFT_OPTIMIZATION_LEVEL = "-Onone";
				TARGETED_DEVICE_FAMILY = "1,2";
			};
			name = Debug;
		};
		6166C9A81E14CF8E00BF5A54 /* Release */ = {
			isa = XCBuildConfiguration;
			buildSettings = {
				ALWAYS_SEARCH_USER_PATHS = NO;
				CLANG_ANALYZER_NONNULL = YES;
				CLANG_CXX_LANGUAGE_STANDARD = "gnu++0x";
				CLANG_CXX_LIBRARY = "libc++";
				CLANG_ENABLE_MODULES = YES;
				CLANG_ENABLE_OBJC_ARC = YES;
				CLANG_WARN_BOOL_CONVERSION = YES;
				CLANG_WARN_CONSTANT_CONVERSION = YES;
				CLANG_WARN_DIRECT_OBJC_ISA_USAGE = YES_ERROR;
				CLANG_WARN_DOCUMENTATION_COMMENTS = YES;
				CLANG_WARN_EMPTY_BODY = YES;
				CLANG_WARN_ENUM_CONVERSION = YES;
				CLANG_WARN_INFINITE_RECURSION = YES;
				CLANG_WARN_INT_CONVERSION = YES;
				CLANG_WARN_OBJC_ROOT_CLASS = YES_ERROR;
				CLANG_WARN_SUSPICIOUS_MOVE = YES;
				CLANG_WARN_UNREACHABLE_CODE = YES;
				CLANG_WARN__DUPLICATE_METHOD_MATCH = YES;
				"CODE_SIGN_IDENTITY[sdk=iphoneos*]" = "iPhone Developer";
				COPY_PHASE_STRIP = NO;
				DEBUG_INFORMATION_FORMAT = "dwarf-with-dsym";
				ENABLE_NS_ASSERTIONS = NO;
				ENABLE_STRICT_OBJC_MSGSEND = YES;
				GCC_C_LANGUAGE_STANDARD = gnu99;
				GCC_NO_COMMON_BLOCKS = YES;
				GCC_WARN_64_TO_32_BIT_CONVERSION = YES;
				GCC_WARN_ABOUT_RETURN_TYPE = YES_ERROR;
				GCC_WARN_UNDECLARED_SELECTOR = YES;
				GCC_WARN_UNINITIALIZED_AUTOS = YES_AGGRESSIVE;
				GCC_WARN_UNUSED_FUNCTION = YES;
				GCC_WARN_UNUSED_VARIABLE = YES;
				IPHONEOS_DEPLOYMENT_TARGET = 10.2;
				MTL_ENABLE_DEBUG_INFO = NO;
				SDKROOT = iphoneos;
				SWIFT_OPTIMIZATION_LEVEL = "-Owholemodule";
				TARGETED_DEVICE_FAMILY = "1,2";
				VALIDATE_PRODUCT = YES;
			};
			name = Release;
		};
		6166C9AA1E14CF8E00BF5A54 /* Debug */ = {
			isa = XCBuildConfiguration;
			baseConfigurationReference = E01F6AB6A9000F6D2C3EACB8 /* Pods-StoryApp.debug.xcconfig */;
			buildSettings = {
				ASSETCATALOG_COMPILER_APPICON_NAME = AppIcon;
				DEVELOPMENT_TEAM = JXTYT79G8A;
				INFOPLIST_FILE = StoryApp/Info.plist;
				IPHONEOS_DEPLOYMENT_TARGET = 10.0;
				LD_RUNPATH_SEARCH_PATHS = "$(inherited) @executable_path/Frameworks";
				PRODUCT_BUNDLE_IDENTIFIER = com.usharif.StoryApp;
				PRODUCT_NAME = "$(TARGET_NAME)";
				SWIFT_VERSION = 3.0;
			};
			name = Debug;
		};
		6166C9AB1E14CF8E00BF5A54 /* Release */ = {
			isa = XCBuildConfiguration;
			baseConfigurationReference = 8D522043645C048F26E39921 /* Pods-StoryApp.release.xcconfig */;
			buildSettings = {
				ASSETCATALOG_COMPILER_APPICON_NAME = AppIcon;
				DEVELOPMENT_TEAM = JXTYT79G8A;
				INFOPLIST_FILE = StoryApp/Info.plist;
				IPHONEOS_DEPLOYMENT_TARGET = 10.0;
				LD_RUNPATH_SEARCH_PATHS = "$(inherited) @executable_path/Frameworks";
				PRODUCT_BUNDLE_IDENTIFIER = com.usharif.StoryApp;
				PRODUCT_NAME = "$(TARGET_NAME)";
				SWIFT_VERSION = 3.0;
			};
			name = Release;
		};
/* End XCBuildConfiguration section */

/* Begin XCConfigurationList section */
		6166C9921E14CF8E00BF5A54 /* Build configuration list for PBXProject "StoryApp" */ = {
			isa = XCConfigurationList;
			buildConfigurations = (
				6166C9A71E14CF8E00BF5A54 /* Debug */,
				6166C9A81E14CF8E00BF5A54 /* Release */,
			);
			defaultConfigurationIsVisible = 0;
			defaultConfigurationName = Release;
		};
		6166C9A91E14CF8E00BF5A54 /* Build configuration list for PBXNativeTarget "StoryApp" */ = {
			isa = XCConfigurationList;
			buildConfigurations = (
				6166C9AA1E14CF8E00BF5A54 /* Debug */,
				6166C9AB1E14CF8E00BF5A54 /* Release */,
			);
			defaultConfigurationIsVisible = 0;
			defaultConfigurationName = Release;
		};
/* End XCConfigurationList section */

/* Begin XCVersionGroup section */
		6156196A1E47AD9E007E5F27 /* Model.xcdatamodeld */ = {
			isa = XCVersionGroup;
			children = (
				6156196B1E47AD9E007E5F27 /* Model.xcdatamodel */,
			);
			currentVersion = 6156196B1E47AD9E007E5F27 /* Model.xcdatamodel */;
			path = Model.xcdatamodeld;
			sourceTree = "<group>";
			versionGroupType = wrapper.xcdatamodel;
		};
/* End XCVersionGroup section */
	};
	rootObject = 6166C98F1E14CF8E00BF5A54 /* Project object */;
}
