// !$*UTF8*$!
{
	archiveVersion = 1;
	classes = {
	};
	objectVersion = 46;
	objects = {

/* Begin PBXBuildFile section */
		535088F643C55F125C4FB71D /* Pods_GrapeVyne.framework in Frameworks */ = {isa = PBXBuildFile; fileRef = DC9F7A96FD249BA41BC2A6EA /* Pods_GrapeVyne.framework */; };
		613AF4FA1E59ECFA00209765 /* SwipeOverlayResultView.swift in Sources */ = {isa = PBXBuildFile; fileRef = 613AF4F91E59ECFA00209765 /* SwipeOverlayResultView.swift */; };
		613AF4FC1E59ED0500209765 /* SwipeOverlayResultView.xib in Resources */ = {isa = PBXBuildFile; fileRef = 613AF4FB1E59ED0500209765 /* SwipeOverlayResultView.xib */; };
		614D64311E6CE2C60051AB6D /* CustomColor.swift in Sources */ = {isa = PBXBuildFile; fileRef = 614D64301E6CE2C60051AB6D /* CustomColor.swift */; };
		6152E3251E6E1EF7006633C0 /* clanpro-book.ttf in Resources */ = {isa = PBXBuildFile; fileRef = 6152E3241E6E1EF1006633C0 /* clanpro-book.ttf */; };
		6156196C1E47AD9E007E5F27 /* Model.xcdatamodeld in Sources */ = {isa = PBXBuildFile; fileRef = 6156196A1E47AD9E007E5F27 /* Model.xcdatamodeld */; };
		615619911E481829007E5F27 /* CoreDataManager.swift in Sources */ = {isa = PBXBuildFile; fileRef = 615619901E481829007E5F27 /* CoreDataManager.swift */; };
		615CF5FF1E67973C00FDB995 /* ProximaNovaSoft-Regular.otf in Resources */ = {isa = PBXBuildFile; fileRef = 615CF5FE1E67972200FDB995 /* ProximaNovaSoft-Regular.otf */; };
		6166C99B1E14CF8E00BF5A54 /* AppDelegate.swift in Sources */ = {isa = PBXBuildFile; fileRef = 6166C99A1E14CF8E00BF5A54 /* AppDelegate.swift */; };
		6166C99D1E14CF8E00BF5A54 /* ViewController.swift in Sources */ = {isa = PBXBuildFile; fileRef = 6166C99C1E14CF8E00BF5A54 /* ViewController.swift */; };
		6166C9A01E14CF8E00BF5A54 /* Main.storyboard in Resources */ = {isa = PBXBuildFile; fileRef = 6166C99E1E14CF8E00BF5A54 /* Main.storyboard */; };
		6166C9A51E14CF8E00BF5A54 /* LaunchScreen.storyboard in Resources */ = {isa = PBXBuildFile; fileRef = 6166C9A31E14CF8E00BF5A54 /* LaunchScreen.storyboard */; };
		617426211E1E0F0B009BFC75 /* Assets.xcassets in Resources */ = {isa = PBXBuildFile; fileRef = 617426201E1E0F0B009BFC75 /* Assets.xcassets */; };
		619161C61E60343500CCE5E1 /* articles.json in Resources */ = {isa = PBXBuildFile; fileRef = 619161C51E60343500CCE5E1 /* articles.json */; };
		619161CA1E60AD7300CCE5E1 /* ResultTableViewController.swift in Sources */ = {isa = PBXBuildFile; fileRef = 619161C91E60AD7300CCE5E1 /* ResultTableViewController.swift */; };
		619BE2C01E3D1B400085023B /* Network.swift in Sources */ = {isa = PBXBuildFile; fileRef = 619BE2BF1E3D1B400085023B /* Network.swift */; };
		619BE2C51E3D3F610085023B /* JSONParser.swift in Sources */ = {isa = PBXBuildFile; fileRef = 619BE2C41E3D3F610085023B /* JSONParser.swift */; };
		61CA8FF71E1DF097005B389D /* CardView.swift in Sources */ = {isa = PBXBuildFile; fileRef = 61CA8FF61E1DF097005B389D /* CardView.swift */; };
		61CA90011E1DF868005B389D /* CardView.xib in Resources */ = {isa = PBXBuildFile; fileRef = 61CA90001E1DF868005B389D /* CardView.xib */; };
		61F7FF0F1E175D10004E14FA /* Story.swift in Sources */ = {isa = PBXBuildFile; fileRef = 61F7FF0E1E175D10004E14FA /* Story.swift */; };
		61F7FF111E175D40004E14FA /* StoryRepo.swift in Sources */ = {isa = PBXBuildFile; fileRef = 61F7FF101E175D40004E14FA /* StoryRepo.swift */; };
/* End PBXBuildFile section */

/* Begin PBXFileReference section */
		613AF4F91E59ECFA00209765 /* SwipeOverlayResultView.swift */ = {isa = PBXFileReference; fileEncoding = 4; lastKnownFileType = sourcecode.swift; path = SwipeOverlayResultView.swift; sourceTree = "<group>"; };
		613AF4FB1E59ED0500209765 /* SwipeOverlayResultView.xib */ = {isa = PBXFileReference; fileEncoding = 4; lastKnownFileType = file.xib; path = SwipeOverlayResultView.xib; sourceTree = "<group>"; };
		614D64301E6CE2C60051AB6D /* CustomColor.swift */ = {isa = PBXFileReference; fileEncoding = 4; lastKnownFileType = sourcecode.swift; path = CustomColor.swift; sourceTree = "<group>"; };
		6152E3241E6E1EF1006633C0 /* clanpro-book.ttf */ = {isa = PBXFileReference; lastKnownFileType = file; path = "clanpro-book.ttf"; sourceTree = "<group>"; };
		6156196B1E47AD9E007E5F27 /* Model.xcdatamodel */ = {isa = PBXFileReference; lastKnownFileType = wrapper.xcdatamodel; path = Model.xcdatamodel; sourceTree = "<group>"; };
		615619901E481829007E5F27 /* CoreDataManager.swift */ = {isa = PBXFileReference; fileEncoding = 4; lastKnownFileType = sourcecode.swift; path = CoreDataManager.swift; sourceTree = "<group>"; };
		615CF5FE1E67972200FDB995 /* ProximaNovaSoft-Regular.otf */ = {isa = PBXFileReference; lastKnownFileType = file; path = "ProximaNovaSoft-Regular.otf"; sourceTree = "<group>"; };
		6166C9971E14CF8E00BF5A54 /* GrapeVyne.app */ = {isa = PBXFileReference; explicitFileType = wrapper.application; includeInIndex = 0; path = GrapeVyne.app; sourceTree = BUILT_PRODUCTS_DIR; };
		6166C99A1E14CF8E00BF5A54 /* AppDelegate.swift */ = {isa = PBXFileReference; lastKnownFileType = sourcecode.swift; path = AppDelegate.swift; sourceTree = "<group>"; };
		6166C99C1E14CF8E00BF5A54 /* ViewController.swift */ = {isa = PBXFileReference; lastKnownFileType = sourcecode.swift; path = ViewController.swift; sourceTree = "<group>"; };
		6166C99F1E14CF8E00BF5A54 /* Base */ = {isa = PBXFileReference; lastKnownFileType = file.storyboard; name = Base; path = Base.lproj/Main.storyboard; sourceTree = "<group>"; };
		6166C9A41E14CF8E00BF5A54 /* Base */ = {isa = PBXFileReference; lastKnownFileType = file.storyboard; name = Base; path = Base.lproj/LaunchScreen.storyboard; sourceTree = "<group>"; };
		6166C9A61E14CF8E00BF5A54 /* Info.plist */ = {isa = PBXFileReference; lastKnownFileType = text.plist.xml; path = Info.plist; sourceTree = "<group>"; };
		617426201E1E0F0B009BFC75 /* Assets.xcassets */ = {isa = PBXFileReference; lastKnownFileType = folder.assetcatalog; path = Assets.xcassets; sourceTree = "<group>"; };
		619161C51E60343500CCE5E1 /* articles.json */ = {isa = PBXFileReference; fileEncoding = 4; lastKnownFileType = text.json; path = articles.json; sourceTree = "<group>"; };
		619161C91E60AD7300CCE5E1 /* ResultTableViewController.swift */ = {isa = PBXFileReference; fileEncoding = 4; lastKnownFileType = sourcecode.swift; path = ResultTableViewController.swift; sourceTree = "<group>"; };
		619BE2BF1E3D1B400085023B /* Network.swift */ = {isa = PBXFileReference; fileEncoding = 4; lastKnownFileType = sourcecode.swift; path = Network.swift; sourceTree = "<group>"; };
		619BE2C41E3D3F610085023B /* JSONParser.swift */ = {isa = PBXFileReference; fileEncoding = 4; lastKnownFileType = sourcecode.swift; path = JSONParser.swift; sourceTree = "<group>"; };
		61CA8FF61E1DF097005B389D /* CardView.swift */ = {isa = PBXFileReference; fileEncoding = 4; lastKnownFileType = sourcecode.swift; path = CardView.swift; sourceTree = "<group>"; };
		61CA90001E1DF868005B389D /* CardView.xib */ = {isa = PBXFileReference; fileEncoding = 4; lastKnownFileType = file.xib; path = CardView.xib; sourceTree = "<group>"; };
		61F7FF0E1E175D10004E14FA /* Story.swift */ = {isa = PBXFileReference; fileEncoding = 4; lastKnownFileType = sourcecode.swift; path = Story.swift; sourceTree = "<group>"; };
		61F7FF101E175D40004E14FA /* StoryRepo.swift */ = {isa = PBXFileReference; fileEncoding = 4; lastKnownFileType = sourcecode.swift; path = StoryRepo.swift; sourceTree = "<group>"; };
		B92358B76E206F2E30023194 /* Pods-GrapeVyne.release.xcconfig */ = {isa = PBXFileReference; includeInIndex = 1; lastKnownFileType = text.xcconfig; name = "Pods-GrapeVyne.release.xcconfig"; path = "Pods/Target Support Files/Pods-GrapeVyne/Pods-GrapeVyne.release.xcconfig"; sourceTree = "<group>"; };
		DC9F7A96FD249BA41BC2A6EA /* Pods_GrapeVyne.framework */ = {isa = PBXFileReference; explicitFileType = wrapper.framework; includeInIndex = 0; path = Pods_GrapeVyne.framework; sourceTree = BUILT_PRODUCTS_DIR; };
		FE2BB1838D93F1FA30C6C10D /* Pods-GrapeVyne.debug.xcconfig */ = {isa = PBXFileReference; includeInIndex = 1; lastKnownFileType = text.xcconfig; name = "Pods-GrapeVyne.debug.xcconfig"; path = "Pods/Target Support Files/Pods-GrapeVyne/Pods-GrapeVyne.debug.xcconfig"; sourceTree = "<group>"; };
/* End PBXFileReference section */

/* Begin PBXFrameworksBuildPhase section */
		6166C9941E14CF8E00BF5A54 /* Frameworks */ = {
			isa = PBXFrameworksBuildPhase;
			buildActionMask = 2147483647;
			files = (
				535088F643C55F125C4FB71D /* Pods_GrapeVyne.framework in Frameworks */,
			);
			runOnlyForDeploymentPostprocessing = 0;
		};
/* End PBXFrameworksBuildPhase section */

/* Begin PBXGroup section */
		615CF5FD1E6796FA00FDB995 /* Resources */ = {
			isa = PBXGroup;
			children = (
				619161C51E60343500CCE5E1 /* articles.json */,
				615CF5FE1E67972200FDB995 /* ProximaNovaSoft-Regular.otf */,
				6152E3241E6E1EF1006633C0 /* clanpro-book.ttf */,
			);
			name = Resources;
			sourceTree = "<group>";
		};
		6166C98E1E14CF8E00BF5A54 = {
			isa = PBXGroup;
			children = (
				6166C9991E14CF8E00BF5A54 /* GrapeVyne */,
				6166C9981E14CF8E00BF5A54 /* Products */,
				923CDE95A73DAE7BAFCF9015 /* Pods */,
				EA991156F1C2CEA378A622C6 /* Frameworks */,
			);
			sourceTree = "<group>";
		};
		6166C9981E14CF8E00BF5A54 /* Products */ = {
			isa = PBXGroup;
			children = (
				6166C9971E14CF8E00BF5A54 /* GrapeVyne.app */,
			);
			name = Products;
			sourceTree = "<group>";
		};
		6166C9991E14CF8E00BF5A54 /* GrapeVyne */ = {
			isa = PBXGroup;
			children = (
				615CF5FD1E6796FA00FDB995 /* Resources */,
				6166C99A1E14CF8E00BF5A54 /* AppDelegate.swift */,
				619BE2C11E3D1B530085023B /* Model */,
				619BE2C31E3D1B980085023B /* Controller */,
				619BE2C21E3D1B650085023B /* View */,
				617426201E1E0F0B009BFC75 /* Assets.xcassets */,
				6166C9A61E14CF8E00BF5A54 /* Info.plist */,
			);
			path = GrapeVyne;
			sourceTree = "<group>";
		};
		619BE2C11E3D1B530085023B /* Model */ = {
			isa = PBXGroup;
			children = (
				61F7FF0E1E175D10004E14FA /* Story.swift */,
				61F7FF101E175D40004E14FA /* StoryRepo.swift */,
				619BE2C41E3D3F610085023B /* JSONParser.swift */,
				619BE2BF1E3D1B400085023B /* Network.swift */,
				6156196A1E47AD9E007E5F27 /* Model.xcdatamodeld */,
			);
			name = Model;
			sourceTree = "<group>";
		};
		619BE2C21E3D1B650085023B /* View */ = {
			isa = PBXGroup;
			children = (
				6166C99E1E14CF8E00BF5A54 /* Main.storyboard */,
				6166C9A31E14CF8E00BF5A54 /* LaunchScreen.storyboard */,
				61F971EE1E5D57BB0055DE4B /* Card */,
				61F971EF1E5D57C10055DE4B /* SwipeOverlay */,
				614D64301E6CE2C60051AB6D /* CustomColor.swift */,
			);
			name = View;
			sourceTree = "<group>";
		};
		619BE2C31E3D1B980085023B /* Controller */ = {
			isa = PBXGroup;
			children = (
				615619901E481829007E5F27 /* CoreDataManager.swift */,
				6166C99C1E14CF8E00BF5A54 /* ViewController.swift */,
				619161C91E60AD7300CCE5E1 /* ResultTableViewController.swift */,
			);
			name = Controller;
			sourceTree = "<group>";
		};
		61F971EE1E5D57BB0055DE4B /* Card */ = {
			isa = PBXGroup;
			children = (
				61CA8FF61E1DF097005B389D /* CardView.swift */,
				61CA90001E1DF868005B389D /* CardView.xib */,
			);
			name = Card;
			sourceTree = "<group>";
		};
		61F971EF1E5D57C10055DE4B /* SwipeOverlay */ = {
			isa = PBXGroup;
			children = (
				613AF4F91E59ECFA00209765 /* SwipeOverlayResultView.swift */,
				613AF4FB1E59ED0500209765 /* SwipeOverlayResultView.xib */,
			);
			name = SwipeOverlay;
			sourceTree = "<group>";
		};
		923CDE95A73DAE7BAFCF9015 /* Pods */ = {
			isa = PBXGroup;
			children = (
				FE2BB1838D93F1FA30C6C10D /* Pods-GrapeVyne.debug.xcconfig */,
				B92358B76E206F2E30023194 /* Pods-GrapeVyne.release.xcconfig */,
			);
			name = Pods;
			sourceTree = "<group>";
		};
		EA991156F1C2CEA378A622C6 /* Frameworks */ = {
			isa = PBXGroup;
			children = (
				DC9F7A96FD249BA41BC2A6EA /* Pods_GrapeVyne.framework */,
			);
			name = Frameworks;
			sourceTree = "<group>";
		};
/* End PBXGroup section */

/* Begin PBXNativeTarget section */
		6166C9961E14CF8E00BF5A54 /* GrapeVyne */ = {
			isa = PBXNativeTarget;
			buildConfigurationList = 6166C9A91E14CF8E00BF5A54 /* Build configuration list for PBXNativeTarget "GrapeVyne" */;
			buildPhases = (
				CD3244550215FC6903E3E581 /* [CP] Check Pods Manifest.lock */,
				6166C9931E14CF8E00BF5A54 /* Sources */,
				6166C9941E14CF8E00BF5A54 /* Frameworks */,
				6166C9951E14CF8E00BF5A54 /* Resources */,
				DC5F459A8D5749C210E70738 /* [CP] Embed Pods Frameworks */,
				F953612D48A3FF8919541A32 /* [CP] Copy Pods Resources */,
			);
			buildRules = (
			);
			dependencies = (
			);
			name = GrapeVyne;
			productName = StoryApp;
			productReference = 6166C9971E14CF8E00BF5A54 /* GrapeVyne.app */;
			productType = "com.apple.product-type.application";
		};
/* End PBXNativeTarget section */

/* Begin PBXProject section */
		6166C98F1E14CF8E00BF5A54 /* Project object */ = {
			isa = PBXProject;
			attributes = {
				LastSwiftUpdateCheck = 0820;
				LastUpgradeCheck = 0820;
				ORGANIZATIONNAME = usharif;
				TargetAttributes = {
					6166C9961E14CF8E00BF5A54 = {
						CreatedOnToolsVersion = 8.2.1;
						DevelopmentTeam = 9X2E4AFPJ4;
						ProvisioningStyle = Automatic;
					};
				};
			};
			buildConfigurationList = 6166C9921E14CF8E00BF5A54 /* Build configuration list for PBXProject "GrapeVyne" */;
			compatibilityVersion = "Xcode 3.2";
			developmentRegion = English;
			hasScannedForEncodings = 0;
			knownRegions = (
				en,
				Base,
			);
			mainGroup = 6166C98E1E14CF8E00BF5A54;
			productRefGroup = 6166C9981E14CF8E00BF5A54 /* Products */;
			projectDirPath = "";
			projectRoot = "";
			targets = (
				6166C9961E14CF8E00BF5A54 /* GrapeVyne */,
			);
		};
/* End PBXProject section */

/* Begin PBXResourcesBuildPhase section */
		6166C9951E14CF8E00BF5A54 /* Resources */ = {
			isa = PBXResourcesBuildPhase;
			buildActionMask = 2147483647;
			files = (
				6166C9A51E14CF8E00BF5A54 /* LaunchScreen.storyboard in Resources */,
				613AF4FC1E59ED0500209765 /* SwipeOverlayResultView.xib in Resources */,
				615CF5FF1E67973C00FDB995 /* ProximaNovaSoft-Regular.otf in Resources */,
				6152E3251E6E1EF7006633C0 /* clanpro-book.ttf in Resources */,
				61CA90011E1DF868005B389D /* CardView.xib in Resources */,
				617426211E1E0F0B009BFC75 /* Assets.xcassets in Resources */,
				619161C61E60343500CCE5E1 /* articles.json in Resources */,
				6166C9A01E14CF8E00BF5A54 /* Main.storyboard in Resources */,
			);
			runOnlyForDeploymentPostprocessing = 0;
		};
/* End PBXResourcesBuildPhase section */

/* Begin PBXShellScriptBuildPhase section */
		CD3244550215FC6903E3E581 /* [CP] Check Pods Manifest.lock */ = {
			isa = PBXShellScriptBuildPhase;
			buildActionMask = 2147483647;
			files = (
			);
			inputPaths = (
			);
			name = "[CP] Check Pods Manifest.lock";
			outputPaths = (
			);
			runOnlyForDeploymentPostprocessing = 0;
			shellPath = /bin/sh;
			shellScript = "diff \"${PODS_ROOT}/../Podfile.lock\" \"${PODS_ROOT}/Manifest.lock\" > /dev/null\nif [ $? != 0 ] ; then\n    # print error to STDERR\n    echo \"error: The sandbox is not in sync with the Podfile.lock. Run 'pod install' or update your CocoaPods installation.\" >&2\n    exit 1\nfi\n";
			showEnvVarsInLog = 0;
		};
		DC5F459A8D5749C210E70738 /* [CP] Embed Pods Frameworks */ = {
			isa = PBXShellScriptBuildPhase;
			buildActionMask = 2147483647;
			files = (
			);
			inputPaths = (
			);
			name = "[CP] Embed Pods Frameworks";
			outputPaths = (
			);
			runOnlyForDeploymentPostprocessing = 0;
			shellPath = /bin/sh;
			shellScript = "\"${SRCROOT}/Pods/Target Support Files/Pods-GrapeVyne/Pods-GrapeVyne-frameworks.sh\"\n";
			showEnvVarsInLog = 0;
		};
		F953612D48A3FF8919541A32 /* [CP] Copy Pods Resources */ = {
			isa = PBXShellScriptBuildPhase;
			buildActionMask = 2147483647;
			files = (
			);
			inputPaths = (
			);
			name = "[CP] Copy Pods Resources";
			outputPaths = (
			);
			runOnlyForDeploymentPostprocessing = 0;
			shellPath = /bin/sh;
			shellScript = "\"${SRCROOT}/Pods/Target Support Files/Pods-GrapeVyne/Pods-GrapeVyne-resources.sh\"\n";
			showEnvVarsInLog = 0;
		};
/* End PBXShellScriptBuildPhase section */

/* Begin PBXSourcesBuildPhase section */
		6166C9931E14CF8E00BF5A54 /* Sources */ = {
			isa = PBXSourcesBuildPhase;
			buildActionMask = 2147483647;
			files = (
				6166C99D1E14CF8E00BF5A54 /* ViewController.swift in Sources */,
				61F7FF111E175D40004E14FA /* StoryRepo.swift in Sources */,
				614D64311E6CE2C60051AB6D /* CustomColor.swift in Sources */,
				613AF4FA1E59ECFA00209765 /* SwipeOverlayResultView.swift in Sources */,
				619BE2C51E3D3F610085023B /* JSONParser.swift in Sources */,
				619BE2C01E3D1B400085023B /* Network.swift in Sources */,
				6166C99B1E14CF8E00BF5A54 /* AppDelegate.swift in Sources */,
				615619911E481829007E5F27 /* CoreDataManager.swift in Sources */,
				619161CA1E60AD7300CCE5E1 /* ResultTableViewController.swift in Sources */,
				61CA8FF71E1DF097005B389D /* CardView.swift in Sources */,
				6156196C1E47AD9E007E5F27 /* Model.xcdatamodeld in Sources */,
				61F7FF0F1E175D10004E14FA /* Story.swift in Sources */,
			);
			runOnlyForDeploymentPostprocessing = 0;
		};
/* End PBXSourcesBuildPhase section */

/* Begin PBXVariantGroup section */
		6166C99E1E14CF8E00BF5A54 /* Main.storyboard */ = {
			isa = PBXVariantGroup;
			children = (
				6166C99F1E14CF8E00BF5A54 /* Base */,
			);
			name = Main.storyboard;
			sourceTree = "<group>";
		};
		6166C9A31E14CF8E00BF5A54 /* LaunchScreen.storyboard */ = {
			isa = PBXVariantGroup;
			children = (
				6166C9A41E14CF8E00BF5A54 /* Base */,
			);
			name = LaunchScreen.storyboard;
			sourceTree = "<group>";
		};
/* End PBXVariantGroup section */

/* Begin XCBuildConfiguration section */
		6166C9A71E14CF8E00BF5A54 /* Debug */ = {
			isa = XCBuildConfiguration;
			buildSettings = {
				ALWAYS_SEARCH_USER_PATHS = NO;
				CLANG_ANALYZER_NONNULL = YES;
				CLANG_CXX_LANGUAGE_STANDARD = "gnu++0x";
				CLANG_CXX_LIBRARY = "libc++";
				CLANG_ENABLE_MODULES = YES;
				CLANG_ENABLE_OBJC_ARC = YES;
				CLANG_WARN_BOOL_CONVERSION = YES;
				CLANG_WARN_CONSTANT_CONVERSION = YES;
				CLANG_WARN_DIRECT_OBJC_ISA_USAGE = YES_ERROR;
				CLANG_WARN_DOCUMENTATION_COMMENTS = YES;
				CLANG_WARN_EMPTY_BODY = YES;
				CLANG_WARN_ENUM_CONVERSION = YES;
				CLANG_WARN_INFINITE_RECURSION = YES;
				CLANG_WARN_INT_CONVERSION = YES;
				CLANG_WARN_OBJC_ROOT_CLASS = YES_ERROR;
				CLANG_WARN_SUSPICIOUS_MOVE = YES;
				CLANG_WARN_UNREACHABLE_CODE = YES;
				CLANG_WARN__DUPLICATE_METHOD_MATCH = YES;
				"CODE_SIGN_IDENTITY[sdk=iphoneos*]" = "iPhone Developer";
				COPY_PHASE_STRIP = NO;
				DEBUG_INFORMATION_FORMAT = dwarf;
				ENABLE_STRICT_OBJC_MSGSEND = YES;
				ENABLE_TESTABILITY = YES;
				GCC_C_LANGUAGE_STANDARD = gnu99;
				GCC_DYNAMIC_NO_PIC = NO;
				GCC_NO_COMMON_BLOCKS = YES;
				GCC_OPTIMIZATION_LEVEL = 0;
				GCC_PREPROCESSOR_DEFINITIONS = (
					"DEBUG=1",
					"$(inherited)",
				);
				GCC_WARN_64_TO_32_BIT_CONVERSION = YES;
				GCC_WARN_ABOUT_RETURN_TYPE = YES_ERROR;
				GCC_WARN_UNDECLARED_SELECTOR = YES;
				GCC_WARN_UNINITIALIZED_AUTOS = YES_AGGRESSIVE;
				GCC_WARN_UNUSED_FUNCTION = YES;
				GCC_WARN_UNUSED_VARIABLE = YES;
				IPHONEOS_DEPLOYMENT_TARGET = 10.2;
				MTL_ENABLE_DEBUG_INFO = YES;
				ONLY_ACTIVE_ARCH = YES;
				SDKROOT = iphoneos;
				SWIFT_ACTIVE_COMPILATION_CONDITIONS = DEBUG;
				SWIFT_OPTIMIZATION_LEVEL = "-Onone";
				TARGETED_DEVICE_FAMILY = "1,2";
			};
			name = Debug;
		};
		6166C9A81E14CF8E00BF5A54 /* Release */ = {
			isa = XCBuildConfiguration;
			buildSettings = {
				ALWAYS_SEARCH_USER_PATHS = NO;
				CLANG_ANALYZER_NONNULL = YES;
				CLANG_CXX_LANGUAGE_STANDARD = "gnu++0x";
				CLANG_CXX_LIBRARY = "libc++";
				CLANG_ENABLE_MODULES = YES;
				CLANG_ENABLE_OBJC_ARC = YES;
				CLANG_WARN_BOOL_CONVERSION = YES;
				CLANG_WARN_CONSTANT_CONVERSION = YES;
				CLANG_WARN_DIRECT_OBJC_ISA_USAGE = YES_ERROR;
				CLANG_WARN_DOCUMENTATION_COMMENTS = YES;
				CLANG_WARN_EMPTY_BODY = YES;
				CLANG_WARN_ENUM_CONVERSION = YES;
				CLANG_WARN_INFINITE_RECURSION = YES;
				CLANG_WARN_INT_CONVERSION = YES;
				CLANG_WARN_OBJC_ROOT_CLASS = YES_ERROR;
				CLANG_WARN_SUSPICIOUS_MOVE = YES;
				CLANG_WARN_UNREACHABLE_CODE = YES;
				CLANG_WARN__DUPLICATE_METHOD_MATCH = YES;
				"CODE_SIGN_IDENTITY[sdk=iphoneos*]" = "iPhone Developer";
				COPY_PHASE_STRIP = NO;
				DEBUG_INFORMATION_FORMAT = "dwarf-with-dsym";
				ENABLE_NS_ASSERTIONS = NO;
				ENABLE_STRICT_OBJC_MSGSEND = YES;
				GCC_C_LANGUAGE_STANDARD = gnu99;
				GCC_NO_COMMON_BLOCKS = YES;
				GCC_WARN_64_TO_32_BIT_CONVERSION = YES;
				GCC_WARN_ABOUT_RETURN_TYPE = YES_ERROR;
				GCC_WARN_UNDECLARED_SELECTOR = YES;
				GCC_WARN_UNINITIALIZED_AUTOS = YES_AGGRESSIVE;
				GCC_WARN_UNUSED_FUNCTION = YES;
				GCC_WARN_UNUSED_VARIABLE = YES;
				IPHONEOS_DEPLOYMENT_TARGET = 10.2;
				MTL_ENABLE_DEBUG_INFO = NO;
				SDKROOT = iphoneos;
				SWIFT_OPTIMIZATION_LEVEL = "-Owholemodule";
				TARGETED_DEVICE_FAMILY = "1,2";
				VALIDATE_PRODUCT = YES;
			};
			name = Release;
		};
		6166C9AA1E14CF8E00BF5A54 /* Debug */ = {
			isa = XCBuildConfiguration;
			baseConfigurationReference = FE2BB1838D93F1FA30C6C10D /* Pods-GrapeVyne.debug.xcconfig */;
			buildSettings = {
				ASSETCATALOG_COMPILER_APPICON_NAME = AppIcon;
				DEVELOPMENT_TEAM = 9X2E4AFPJ4;
				INFOPLIST_FILE = GrapeVyne/Info.plist;
				IPHONEOS_DEPLOYMENT_TARGET = 10.0;
				LD_RUNPATH_SEARCH_PATHS = "$(inherited) @executable_path/Frameworks";
				PRODUCT_BUNDLE_IDENTIFIER = com.usharif.grapevyne;
				PRODUCT_NAME = "$(TARGET_NAME)";
				SWIFT_VERSION = 3.0;
			};
			name = Debug;
		};
		6166C9AB1E14CF8E00BF5A54 /* Release */ = {
			isa = XCBuildConfiguration;
			baseConfigurationReference = B92358B76E206F2E30023194 /* Pods-GrapeVyne.release.xcconfig */;
			buildSettings = {
				ASSETCATALOG_COMPILER_APPICON_NAME = AppIcon;
				DEVELOPMENT_TEAM = 9X2E4AFPJ4;
				INFOPLIST_FILE = GrapeVyne/Info.plist;
				IPHONEOS_DEPLOYMENT_TARGET = 10.0;
				LD_RUNPATH_SEARCH_PATHS = "$(inherited) @executable_path/Frameworks";
				PRODUCT_BUNDLE_IDENTIFIER = com.usharif.grapevyne;
				PRODUCT_NAME = "$(TARGET_NAME)";
				SWIFT_VERSION = 3.0;
			};
			name = Release;
		};
/* End XCBuildConfiguration section */

/* Begin XCConfigurationList section */
		6166C9921E14CF8E00BF5A54 /* Build configuration list for PBXProject "GrapeVyne" */ = {
			isa = XCConfigurationList;
			buildConfigurations = (
				6166C9A71E14CF8E00BF5A54 /* Debug */,
				6166C9A81E14CF8E00BF5A54 /* Release */,
			);
			defaultConfigurationIsVisible = 0;
			defaultConfigurationName = Release;
		};
		6166C9A91E14CF8E00BF5A54 /* Build configuration list for PBXNativeTarget "GrapeVyne" */ = {
			isa = XCConfigurationList;
			buildConfigurations = (
				6166C9AA1E14CF8E00BF5A54 /* Debug */,
				6166C9AB1E14CF8E00BF5A54 /* Release */,
			);
			defaultConfigurationIsVisible = 0;
			defaultConfigurationName = Release;
		};
/* End XCConfigurationList section */

/* Begin XCVersionGroup section */
		6156196A1E47AD9E007E5F27 /* Model.xcdatamodeld */ = {
			isa = XCVersionGroup;
			children = (
				6156196B1E47AD9E007E5F27 /* Model.xcdatamodel */,
			);
			currentVersion = 6156196B1E47AD9E007E5F27 /* Model.xcdatamodel */;
			path = Model.xcdatamodeld;
			sourceTree = "<group>";
			versionGroupType = wrapper.xcdatamodel;
		};
/* End XCVersionGroup section */
	};
	rootObject = 6166C98F1E14CF8E00BF5A54 /* Project object */;
}
